// !$*UTF8*$!
{
	archiveVersion = 1;
	classes = {
	};
	objectVersion = 55;
	objects = {

/* Begin PBXBuildFile section */
		BF0A5E3F28E4C59700B36FA3 /* AppDelegate.swift in Sources */ = {isa = PBXBuildFile; fileRef = BF0A5E3E28E4C59700B36FA3 /* AppDelegate.swift */; };
		BF0A5E4128E4C59700B36FA3 /* SceneDelegate.swift in Sources */ = {isa = PBXBuildFile; fileRef = BF0A5E4028E4C59700B36FA3 /* SceneDelegate.swift */; };
		BF0A5E4328E4C59700B36FA3 /* ViewController.swift in Sources */ = {isa = PBXBuildFile; fileRef = BF0A5E4228E4C59700B36FA3 /* ViewController.swift */; };
		BF0A5E4828E4C59800B36FA3 /* Assets.xcassets in Resources */ = {isa = PBXBuildFile; fileRef = BF0A5E4728E4C59800B36FA3 /* Assets.xcassets */; };
		BF0A5E4B28E4C59800B36FA3 /* LaunchScreen.storyboard in Resources */ = {isa = PBXBuildFile; fileRef = BF0A5E4928E4C59800B36FA3 /* LaunchScreen.storyboard */; };
		BF0A5E5428E4CA9100B36FA3 /* PopUp.swift in Sources */ = {isa = PBXBuildFile; fileRef = BF0A5E5328E4CA9100B36FA3 /* PopUp.swift */; };
		BF0A5E5628E4CAD300B36FA3 /* PopUpAnimations.swift in Sources */ = {isa = PBXBuildFile; fileRef = BF0A5E5528E4CAD300B36FA3 /* PopUpAnimations.swift */; };
		BF0A5E5828E4CB4F00B36FA3 /* PopUpViewModel.swift in Sources */ = {isa = PBXBuildFile; fileRef = BF0A5E5728E4CB4F00B36FA3 /* PopUpViewModel.swift */; };
		BF0A5E5A28E4CCD600B36FA3 /* PopUpConfiguration.swift in Sources */ = {isa = PBXBuildFile; fileRef = BF0A5E5928E4CCD600B36FA3 /* PopUpConfiguration.swift */; };
/* End PBXBuildFile section */

/* Begin PBXFileReference section */
		BF0A5E3B28E4C59700B36FA3 /* popUpComponent.app */ = {isa = PBXFileReference; explicitFileType = wrapper.application; includeInIndex = 0; path = popUpComponent.app; sourceTree = BUILT_PRODUCTS_DIR; };
		BF0A5E3E28E4C59700B36FA3 /* AppDelegate.swift */ = {isa = PBXFileReference; lastKnownFileType = sourcecode.swift; path = AppDelegate.swift; sourceTree = "<group>"; };
		BF0A5E4028E4C59700B36FA3 /* SceneDelegate.swift */ = {isa = PBXFileReference; lastKnownFileType = sourcecode.swift; path = SceneDelegate.swift; sourceTree = "<group>"; };
		BF0A5E4228E4C59700B36FA3 /* ViewController.swift */ = {isa = PBXFileReference; lastKnownFileType = sourcecode.swift; path = ViewController.swift; sourceTree = "<group>"; };
		BF0A5E4728E4C59800B36FA3 /* Assets.xcassets */ = {isa = PBXFileReference; lastKnownFileType = folder.assetcatalog; path = Assets.xcassets; sourceTree = "<group>"; };
		BF0A5E4A28E4C59800B36FA3 /* Base */ = {isa = PBXFileReference; lastKnownFileType = file.storyboard; name = Base; path = Base.lproj/LaunchScreen.storyboard; sourceTree = "<group>"; };
		BF0A5E4C28E4C59800B36FA3 /* Info.plist */ = {isa = PBXFileReference; lastKnownFileType = text.plist.xml; path = Info.plist; sourceTree = "<group>"; };
		BF0A5E5328E4CA9100B36FA3 /* PopUp.swift */ = {isa = PBXFileReference; lastKnownFileType = sourcecode.swift; path = PopUp.swift; sourceTree = "<group>"; };
		BF0A5E5528E4CAD300B36FA3 /* PopUpAnimations.swift */ = {isa = PBXFileReference; lastKnownFileType = sourcecode.swift; path = PopUpAnimations.swift; sourceTree = "<group>"; };
		BF0A5E5728E4CB4F00B36FA3 /* PopUpViewModel.swift */ = {isa = PBXFileReference; lastKnownFileType = sourcecode.swift; path = PopUpViewModel.swift; sourceTree = "<group>"; };
		BF0A5E5928E4CCD600B36FA3 /* PopUpConfiguration.swift */ = {isa = PBXFileReference; lastKnownFileType = sourcecode.swift; path = PopUpConfiguration.swift; sourceTree = "<group>"; };
/* End PBXFileReference section */

/* Begin PBXFrameworksBuildPhase section */
		BF0A5E3828E4C59700B36FA3 /* Frameworks */ = {
			isa = PBXFrameworksBuildPhase;
			buildActionMask = 2147483647;
			files = (
			);
			runOnlyForDeploymentPostprocessing = 0;
		};
/* End PBXFrameworksBuildPhase section */

/* Begin PBXGroup section */
		BF0A5E3228E4C59700B36FA3 = {
			isa = PBXGroup;
			children = (
				BF0A5E3D28E4C59700B36FA3 /* popUpComponent */,
				BF0A5E3C28E4C59700B36FA3 /* Products */,
			);
			sourceTree = "<group>";
		};
		BF0A5E3C28E4C59700B36FA3 /* Products */ = {
			isa = PBXGroup;
			children = (
				BF0A5E3B28E4C59700B36FA3 /* popUpComponent.app */,
			);
			name = Products;
			sourceTree = "<group>";
		};
		BF0A5E3D28E4C59700B36FA3 /* popUpComponent */ = {
			isa = PBXGroup;
			children = (
				BF0A5E5228E4CA8600B36FA3 /* PopUpComponent */,
				BF0A5E3E28E4C59700B36FA3 /* AppDelegate.swift */,
				BF0A5E4028E4C59700B36FA3 /* SceneDelegate.swift */,
				BF0A5E4228E4C59700B36FA3 /* ViewController.swift */,
				BF0A5E4728E4C59800B36FA3 /* Assets.xcassets */,
				BF0A5E4928E4C59800B36FA3 /* LaunchScreen.storyboard */,
				BF0A5E4C28E4C59800B36FA3 /* Info.plist */,
			);
			path = popUpComponent;
			sourceTree = "<group>";
		};
		BF0A5E5228E4CA8600B36FA3 /* PopUpComponent */ = {
			isa = PBXGroup;
			children = (
				BF0A5E5328E4CA9100B36FA3 /* PopUp.swift */,
				BF0A5E5528E4CAD300B36FA3 /* PopUpAnimations.swift */,
				BF0A5E5728E4CB4F00B36FA3 /* PopUpViewModel.swift */,
				BF0A5E5928E4CCD600B36FA3 /* PopUpConfiguration.swift */,
			);
			path = PopUpComponent;
			sourceTree = "<group>";
		};
/* End PBXGroup section */

/* Begin PBXNativeTarget section */
		BF0A5E3A28E4C59700B36FA3 /* popUpComponent */ = {
			isa = PBXNativeTarget;
			buildConfigurationList = BF0A5E4F28E4C59800B36FA3 /* Build configuration list for PBXNativeTarget "popUpComponent" */;
			buildPhases = (
				BF0A5E3728E4C59700B36FA3 /* Sources */,
				BF0A5E3828E4C59700B36FA3 /* Frameworks */,
				BF0A5E3928E4C59700B36FA3 /* Resources */,
			);
			buildRules = (
			);
			dependencies = (
			);
			name = popUpComponent;
			productName = popUpComponent;
			productReference = BF0A5E3B28E4C59700B36FA3 /* popUpComponent.app */;
			productType = "com.apple.product-type.application";
		};
/* End PBXNativeTarget section */

/* Begin PBXProject section */
		BF0A5E3328E4C59700B36FA3 /* Project object */ = {
			isa = PBXProject;
			attributes = {
				BuildIndependentTargetsInParallel = 1;
				LastSwiftUpdateCheck = 1340;
				LastUpgradeCheck = 1340;
				TargetAttributes = {
					BF0A5E3A28E4C59700B36FA3 = {
						CreatedOnToolsVersion = 13.4.1;
					};
				};
			};
			buildConfigurationList = BF0A5E3628E4C59700B36FA3 /* Build configuration list for PBXProject "popUpComponent" */;
			compatibilityVersion = "Xcode 13.0";
			developmentRegion = en;
			hasScannedForEncodings = 0;
			knownRegions = (
				en,
				Base,
			);
			mainGroup = BF0A5E3228E4C59700B36FA3;
			productRefGroup = BF0A5E3C28E4C59700B36FA3 /* Products */;
			projectDirPath = "";
			projectRoot = "";
			targets = (
				BF0A5E3A28E4C59700B36FA3 /* popUpComponent */,
			);
		};
/* End PBXProject section */

/* Begin PBXResourcesBuildPhase section */
		BF0A5E3928E4C59700B36FA3 /* Resources */ = {
			isa = PBXResourcesBuildPhase;
			buildActionMask = 2147483647;
			files = (
				BF0A5E4B28E4C59800B36FA3 /* LaunchScreen.storyboard in Resources */,
				BF0A5E4828E4C59800B36FA3 /* Assets.xcassets in Resources */,
			);
			runOnlyForDeploymentPostprocessing = 0;
		};
/* End PBXResourcesBuildPhase section */

/* Begin PBXSourcesBuildPhase section */
		BF0A5E3728E4C59700B36FA3 /* Sources */ = {
			isa = PBXSourcesBuildPhase;
			buildActionMask = 2147483647;
			files = (
				BF0A5E5A28E4CCD600B36FA3 /* PopUpConfiguration.swift in Sources */,
				BF0A5E5628E4CAD300B36FA3 /* PopUpAnimations.swift in Sources */,
				BF0A5E4328E4C59700B36FA3 /* ViewController.swift in Sources */,
				BF0A5E3F28E4C59700B36FA3 /* AppDelegate.swift in Sources */,
				BF0A5E5828E4CB4F00B36FA3 /* PopUpViewModel.swift in Sources */,
				BF0A5E5428E4CA9100B36FA3 /* PopUp.swift in Sources */,
				BF0A5E4128E4C59700B36FA3 /* SceneDelegate.swift in Sources */,
			);
			runOnlyForDeploymentPostprocessing = 0;
		};
/* End PBXSourcesBuildPhase section */

/* Begin PBXVariantGroup section */
		BF0A5E4928E4C59800B36FA3 /* LaunchScreen.storyboard */ = {
			isa = PBXVariantGroup;
			children = (
				BF0A5E4A28E4C59800B36FA3 /* Base */,
			);
			name = LaunchScreen.storyboard;
			sourceTree = "<group>";
		};
/* End PBXVariantGroup section */

/* Begin XCBuildConfiguration section */
		BF0A5E4D28E4C59800B36FA3 /* Debug */ = {
			isa = XCBuildConfiguration;
			buildSettings = {
				ALWAYS_SEARCH_USER_PATHS = NO;
				CLANG_ANALYZER_NONNULL = YES;
				CLANG_ANALYZER_NUMBER_OBJECT_CONVERSION = YES_AGGRESSIVE;
				CLANG_CXX_LANGUAGE_STANDARD = "gnu++17";
				CLANG_ENABLE_MODULES = YES;
				CLANG_ENABLE_OBJC_ARC = YES;
				CLANG_ENABLE_OBJC_WEAK = YES;
				CLANG_WARN_BLOCK_CAPTURE_AUTORELEASING = YES;
				CLANG_WARN_BOOL_CONVERSION = YES;
				CLANG_WARN_COMMA = YES;
				CLANG_WARN_CONSTANT_CONVERSION = YES;
				CLANG_WARN_DEPRECATED_OBJC_IMPLEMENTATIONS = YES;
				CLANG_WARN_DIRECT_OBJC_ISA_USAGE = YES_ERROR;
				CLANG_WARN_DOCUMENTATION_COMMENTS = YES;
				CLANG_WARN_EMPTY_BODY = YES;
				CLANG_WARN_ENUM_CONVERSION = YES;
				CLANG_WARN_INFINITE_RECURSION = YES;
				CLANG_WARN_INT_CONVERSION = YES;
				CLANG_WARN_NON_LITERAL_NULL_CONVERSION = YES;
				CLANG_WARN_OBJC_IMPLICIT_RETAIN_SELF = YES;
				CLANG_WARN_OBJC_LITERAL_CONVERSION = YES;
				CLANG_WARN_OBJC_ROOT_CLASS = YES_ERROR;
				CLANG_WARN_QUOTED_INCLUDE_IN_FRAMEWORK_HEADER = YES;
				CLANG_WARN_RANGE_LOOP_ANALYSIS = YES;
				CLANG_WARN_STRICT_PROTOTYPES = YES;
				CLANG_WARN_SUSPICIOUS_MOVE = YES;
				CLANG_WARN_UNGUARDED_AVAILABILITY = YES_AGGRESSIVE;
				CLANG_WARN_UNREACHABLE_CODE = YES;
				CLANG_WARN__DUPLICATE_METHOD_MATCH = YES;
				COPY_PHASE_STRIP = NO;
				DEBUG_INFORMATION_FORMAT = dwarf;
				ENABLE_STRICT_OBJC_MSGSEND = YES;
				ENABLE_TESTABILITY = YES;
				GCC_C_LANGUAGE_STANDARD = gnu11;
				GCC_DYNAMIC_NO_PIC = NO;
				GCC_NO_COMMON_BLOCKS = YES;
				GCC_OPTIMIZATION_LEVEL = 0;
				GCC_PREPROCESSOR_DEFINITIONS = (
					"DEBUG=1",
					"$(inherited)",
				);
				GCC_WARN_64_TO_32_BIT_CONVERSION = YES;
				GCC_WARN_ABOUT_RETURN_TYPE = YES_ERROR;
				GCC_WARN_UNDECLARED_SELECTOR = YES;
				GCC_WARN_UNINITIALIZED_AUTOS = YES_AGGRESSIVE;
				GCC_WARN_UNUSED_FUNCTION = YES;
				GCC_WARN_UNUSED_VARIABLE = YES;
				IPHONEOS_DEPLOYMENT_TARGET = 15.5;
				MTL_ENABLE_DEBUG_INFO = INCLUDE_SOURCE;
				MTL_FAST_MATH = YES;
				ONLY_ACTIVE_ARCH = YES;
				SDKROOT = iphoneos;
				SWIFT_ACTIVE_COMPILATION_CONDITIONS = DEBUG;
				SWIFT_OPTIMIZATION_LEVEL = "-Onone";
			};
			name = Debug;
		};
		BF0A5E4E28E4C59800B36FA3 /* Release */ = {
			isa = XCBuildConfiguration;
			buildSettings = {
				ALWAYS_SEARCH_USER_PATHS = NO;
				CLANG_ANALYZER_NONNULL = YES;
				CLANG_ANALYZER_NUMBER_OBJECT_CONVERSION = YES_AGGRESSIVE;
				CLANG_CXX_LANGUAGE_STANDARD = "gnu++17";
				CLANG_ENABLE_MODULES = YES;
				CLANG_ENABLE_OBJC_ARC = YES;
				CLANG_ENABLE_OBJC_WEAK = YES;
				CLANG_WARN_BLOCK_CAPTURE_AUTORELEASING = YES;
				CLANG_WARN_BOOL_CONVERSION = YES;
				CLANG_WARN_COMMA = YES;
				CLANG_WARN_CONSTANT_CONVERSION = YES;
				CLANG_WARN_DEPRECATED_OBJC_IMPLEMENTATIONS = YES;
				CLANG_WARN_DIRECT_OBJC_ISA_USAGE = YES_ERROR;
				CLANG_WARN_DOCUMENTATION_COMMENTS = YES;
				CLANG_WARN_EMPTY_BODY = YES;
				CLANG_WARN_ENUM_CONVERSION = YES;
				CLANG_WARN_INFINITE_RECURSION = YES;
				CLANG_WARN_INT_CONVERSION = YES;
				CLANG_WARN_NON_LITERAL_NULL_CONVERSION = YES;
				CLANG_WARN_OBJC_IMPLICIT_RETAIN_SELF = YES;
				CLANG_WARN_OBJC_LITERAL_CONVERSION = YES;
				CLANG_WARN_OBJC_ROOT_CLASS = YES_ERROR;
				CLANG_WARN_QUOTED_INCLUDE_IN_FRAMEWORK_HEADER = YES;
				CLANG_WARN_RANGE_LOOP_ANALYSIS = YES;
				CLANG_WARN_STRICT_PROTOTYPES = YES;
				CLANG_WARN_SUSPICIOUS_MOVE = YES;
				CLANG_WARN_UNGUARDED_AVAILABILITY = YES_AGGRESSIVE;
				CLANG_WARN_UNREACHABLE_CODE = YES;
				CLANG_WARN__DUPLICATE_METHOD_MATCH = YES;
				COPY_PHASE_STRIP = NO;
				DEBUG_INFORMATION_FORMAT = "dwarf-with-dsym";
				ENABLE_NS_ASSERTIONS = NO;
				ENABLE_STRICT_OBJC_MSGSEND = YES;
				GCC_C_LANGUAGE_STANDARD = gnu11;
				GCC_NO_COMMON_BLOCKS = YES;
				GCC_WARN_64_TO_32_BIT_CONVERSION = YES;
				GCC_WARN_ABOUT_RETURN_TYPE = YES_ERROR;
				GCC_WARN_UNDECLARED_SELECTOR = YES;
				GCC_WARN_UNINITIALIZED_AUTOS = YES_AGGRESSIVE;
				GCC_WARN_UNUSED_FUNCTION = YES;
				GCC_WARN_UNUSED_VARIABLE = YES;
				IPHONEOS_DEPLOYMENT_TARGET = 15.5;
				MTL_ENABLE_DEBUG_INFO = NO;
				MTL_FAST_MATH = YES;
				SDKROOT = iphoneos;
				SWIFT_COMPILATION_MODE = wholemodule;
				SWIFT_OPTIMIZATION_LEVEL = "-O";
				VALIDATE_PRODUCT = YES;
			};
			name = Release;
		};
		BF0A5E5028E4C59800B36FA3 /* Debug */ = {
			isa = XCBuildConfiguration;
			buildSettings = {
				ASSETCATALOG_COMPILER_APPICON_NAME = AppIcon;
				ASSETCATALOG_COMPILER_GLOBAL_ACCENT_COLOR_NAME = AccentColor;
				CODE_SIGN_STYLE = Automatic;
				CURRENT_PROJECT_VERSION = 1;
				GENERATE_INFOPLIST_FILE = YES;
				INFOPLIST_FILE = popUpComponent/Info.plist;
				INFOPLIST_KEY_UIApplicationSupportsIndirectInputEvents = YES;
				INFOPLIST_KEY_UILaunchStoryboardName = LaunchScreen;
				INFOPLIST_KEY_UISupportedInterfaceOrientations_iPad = "UIInterfaceOrientationPortrait UIInterfaceOrientationPortraitUpsideDown UIInterfaceOrientationLandscapeLeft UIInterfaceOrientationLandscapeRight";
				INFOPLIST_KEY_UISupportedInterfaceOrientations_iPhone = "UIInterfaceOrientationPortrait UIInterfaceOrientationLandscapeLeft UIInterfaceOrientationLandscapeRight";
				LD_RUNPATH_SEARCH_PATHS = (
					"$(inherited)",
					"@executable_path/Frameworks",
				);
				MARKETING_VERSION = 1.0;
				PRODUCT_BUNDLE_IDENTIFIER = academy.s.popUpComponent;
				PRODUCT_NAME = "$(TARGET_NAME)";
				SWIFT_EMIT_LOC_STRINGS = YES;
				SWIFT_VERSION = 5.0;
				TARGETED_DEVICE_FAMILY = "1,2";
			};
			name = Debug;
		};
		BF0A5E5128E4C59800B36FA3 /* Release */ = {
			isa = XCBuildConfiguration;
			buildSettings = {
				ASSETCATALOG_COMPILER_APPICON_NAME = AppIcon;
				ASSETCATALOG_COMPILER_GLOBAL_ACCENT_COLOR_NAME = AccentColor;
				CODE_SIGN_STYLE = Automatic;
				CURRENT_PROJECT_VERSION = 1;
				GENERATE_INFOPLIST_FILE = YES;
				INFOPLIST_FILE = popUpComponent/Info.plist;
				INFOPLIST_KEY_UIApplicationSupportsIndirectInputEvents = YES;
				INFOPLIST_KEY_UILaunchStoryboardName = LaunchScreen;
				INFOPLIST_KEY_UISupportedInterfaceOrientations_iPad = "UIInterfaceOrientationPortrait UIInterfaceOrientationPortraitUpsideDown UIInterfaceOrientationLandscapeLeft UIInterfaceOrientationLandscapeRight";
				INFOPLIST_KEY_UISupportedInterfaceOrientations_iPhone = "UIInterfaceOrientationPortrait UIInterfaceOrientationLandscapeLeft UIInterfaceOrientationLandscapeRight";
				LD_RUNPATH_SEARCH_PATHS = (
					"$(inherited)",
					"@executable_path/Frameworks",
				);
				MARKETING_VERSION = 1.0;
				PRODUCT_BUNDLE_IDENTIFIER = academy.s.popUpComponent;
				PRODUCT_NAME = "$(TARGET_NAME)";
				SWIFT_EMIT_LOC_STRINGS = YES;
				SWIFT_VERSION = 5.0;
				TARGETED_DEVICE_FAMILY = "1,2";
			};
			name = Release;
		};
/* End XCBuildConfiguration section */

/* Begin XCConfigurationList section */
		BF0A5E3628E4C59700B36FA3 /* Build configuration list for PBXProject "popUpComponent" */ = {
			isa = XCConfigurationList;
			buildConfigurations = (
				BF0A5E4D28E4C59800B36FA3 /* Debug */,
				BF0A5E4E28E4C59800B36FA3 /* Release */,
			);
			defaultConfigurationIsVisible = 0;
			defaultConfigurationName = Release;
		};
		BF0A5E4F28E4C59800B36FA3 /* Build configuration list for PBXNativeTarget "popUpComponent" */ = {
			isa = XCConfigurationList;
			buildConfigurations = (
				BF0A5E5028E4C59800B36FA3 /* Debug */,
				BF0A5E5128E4C59800B36FA3 /* Release */,
			);
			defaultConfigurationIsVisible = 0;
			defaultConfigurationName = Release;
		};
/* End XCConfigurationList section */
	};
	rootObject = BF0A5E3328E4C59700B36FA3 /* Project object */;
}
